
Microsoft Visual Studio Solution File, Format Version 12.00
# Visual Studio Version 16
VisualStudioVersion = 16.0.31129.286
MinimumVisualStudioVersion = 10.0.40219.1
Project("{FAE04EC0-301F-11D3-BF4B-00C04F79EFBC}") = "TEAM01.iOS", "TEAM01.iOS\TEAM01.iOS.csproj", "{001BEB2D-2736-4F1E-A7BB-50B2A65723DC}"
EndProject
Project("{FAE04EC0-301F-11D3-BF4B-00C04F79EFBC}") = "TEAM01", "TEAM01\TEAM01.csproj", "{F88A4192-FD0C-4F8A-AB76-458A8FB763C7}"
EndProject
Global
	GlobalSection(SolutionConfigurationPlatforms) = preSolution
		Debug|Any CPU = Debug|Any CPU
		Debug|iPhone = Debug|iPhone
		Debug|iPhoneSimulator = Debug|iPhoneSimulator
		Release|Any CPU = Release|Any CPU
		Release|iPhone = Release|iPhone
		Release|iPhoneSimulator = Release|iPhoneSimulator
	EndGlobalSection
	GlobalSection(ProjectConfigurationPlatforms) = postSolution
		{001BEB2D-2736-4F1E-A7BB-50B2A65723DC}.Debug|Any CPU.ActiveCfg = Debug|iPhoneSimulator
		{001BEB2D-2736-4F1E-A7BB-50B2A65723DC}.Debug|Any CPU.Build.0 = Debug|iPhoneSimulator
		{001BEB2D-2736-4F1E-A7BB-50B2A65723DC}.Debug|Any CPU.Deploy.0 = Debug|iPhoneSimulator
		{001BEB2D-2736-4F1E-A7BB-50B2A65723DC}.Debug|iPhone.ActiveCfg = Debug|iPhone
		{001BEB2D-2736-4F1E-A7BB-50B2A65723DC}.Debug|iPhone.Build.0 = Debug|iPhone
		{001BEB2D-2736-4F1E-A7BB-50B2A65723DC}.Debug|iPhone.Deploy.0 = Debug|iPhone
		{001BEB2D-2736-4F1E-A7BB-50B2A65723DC}.Debug|iPhoneSimulator.ActiveCfg = Debug|iPhoneSimulator
		{001BEB2D-2736-4F1E-A7BB-50B2A65723DC}.Debug|iPhoneSimulator.Build.0 = Debug|iPhoneSimulator
		{001BEB2D-2736-4F1E-A7BB-50B2A65723DC}.Debug|iPhoneSimulator.Deploy.0 = Debug|iPhoneSimulator
		{001BEB2D-2736-4F1E-A7BB-50B2A65723DC}.Release|Any CPU.ActiveCfg = Release|iPhoneSimulator
		{001BEB2D-2736-4F1E-A7BB-50B2A65723DC}.Release|Any CPU.Build.0 = Release|iPhoneSimulator
		{001BEB2D-2736-4F1E-A7BB-50B2A65723DC}.Release|Any CPU.Deploy.0 = Release|iPhoneSimulator
		{001BEB2D-2736-4F1E-A7BB-50B2A65723DC}.Release|iPhone.ActiveCfg = Release|iPhone
		{001BEB2D-2736-4F1E-A7BB-50B2A65723DC}.Release|iPhone.Build.0 = Release|iPhone
		{001BEB2D-2736-4F1E-A7BB-50B2A65723DC}.Release|iPhone.Deploy.0 = Release|iPhone
		{001BEB2D-2736-4F1E-A7BB-50B2A65723DC}.Release|iPhoneSimulator.ActiveCfg = Release|iPhoneSimulator
		{001BEB2D-2736-4F1E-A7BB-50B2A65723DC}.Release|iPhoneSimulator.Build.0 = Release|iPhoneSimulator
		{001BEB2D-2736-4F1E-A7BB-50B2A65723DC}.Release|iPhoneSimulator.Deploy.0 = Release|iPhoneSimulator
		{F88A4192-FD0C-4F8A-AB76-458A8FB763C7}.Debug|Any CPU.ActiveCfg = Debug|Any CPU
		{F88A4192-FD0C-4F8A-AB76-458A8FB763C7}.Debug|Any CPU.Build.0 = Debug|Any CPU
		{F88A4192-FD0C-4F8A-AB76-458A8FB763C7}.Debug|Any CPU.Deploy.0 = Debug|Any CPU
		{F88A4192-FD0C-4F8A-AB76-458A8FB763C7}.Debug|iPhone.ActiveCfg = Debug|Any CPU
		{F88A4192-FD0C-4F8A-AB76-458A8FB763C7}.Debug|iPhone.Build.0 = Debug|Any CPU
		{F88A4192-FD0C-4F8A-AB76-458A8FB763C7}.Debug|iPhone.Deploy.0 = Debug|Any CPU
		{F88A4192-FD0C-4F8A-AB76-458A8FB763C7}.Debug|iPhoneSimulator.ActiveCfg = Debug|Any CPU
		{F88A4192-FD0C-4F8A-AB76-458A8FB763C7}.Debug|iPhoneSimulator.Build.0 = Debug|Any CPU
		{F88A4192-FD0C-4F8A-AB76-458A8FB763C7}.Debug|iPhoneSimulator.Deploy.0 = Debug|Any CPU
		{F88A4192-FD0C-4F8A-AB76-458A8FB763C7}.Release|Any CPU.ActiveCfg = Release|Any CPU
		{F88A4192-FD0C-4F8A-AB76-458A8FB763C7}.Release|Any CPU.Build.0 = Release|Any CPU
		{F88A4192-FD0C-4F8A-AB76-458A8FB763C7}.Release|Any CPU.Deploy.0 = Release|Any CPU
		{F88A4192-FD0C-4F8A-AB76-458A8FB763C7}.Release|iPhone.ActiveCfg = Release|Any CPU
		{F88A4192-FD0C-4F8A-AB76-458A8FB763C7}.Release|iPhone.Build.0 = Release|Any CPU
		{F88A4192-FD0C-4F8A-AB76-458A8FB763C7}.Release|iPhone.Deploy.0 = Release|Any CPU
		{F88A4192-FD0C-4F8A-AB76-458A8FB763C7}.Release|iPhoneSimulator.ActiveCfg = Release|Any CPU
		{F88A4192-FD0C-4F8A-AB76-458A8FB763C7}.Release|iPhoneSimulator.Build.0 = Release|Any CPU
		{F88A4192-FD0C-4F8A-AB76-458A8FB763C7}.Release|iPhoneSimulator.Deploy.0 = Release|Any CPU
	EndGlobalSection
	GlobalSection(SolutionProperties) = preSolution
		HideSolutionNode = FALSE
	EndGlobalSection
	GlobalSection(ExtensibilityGlobals) = postSolution
		SolutionGuid = {B4459ABB-CFBD-4EDC-B0D4-F6B4A55EAC71}
	EndGlobalSection
EndGlobal
